
Microsoft Visual Studio Solution File, Format Version 11.00
# Visual Studio 2010
Project("{FAE04EC0-301F-11D3-BF4B-00C04F79EFBC}") = "UnityEngine.UI", "UnityEngine.UI.csproj", "{2d5b8535-b97b-007c-c8c5-d205c117561b}"
EndProject
Project("{FAE04EC0-301F-11D3-BF4B-00C04F79EFBC}") = "Assembly-CSharp", "Assembly-CSharp.csproj", "{c0ed9a78-3842-ee9f-01d1-e6d41f854b3f}"
EndProject
Project("{FAE04EC0-301F-11D3-BF4B-00C04F79EFBC}") = "UnityEditor.UI", "UnityEditor.UI.csproj", "{dea73d7e-c391-ac38-47d5-c4c8b49c00dc}"
EndProject
Project("{FAE04EC0-301F-11D3-BF4B-00C04F79EFBC}") = "Unity.2D.Tilemap.Editor", "Unity.2D.Tilemap.Editor.csproj", "{d53e1424-2602-b04b-2743-a6c0c1f57494}"
EndProject
Project("{FAE04EC0-301F-11D3-BF4B-00C04F79EFBC}") = "Assembly-CSharp-Editor", "Assembly-CSharp-Editor.csproj", "{e06492f9-24a2-8990-3e3e-5831aa7a6d5f}"
EndProject
Global
	GlobalSection(SolutionConfigurationPlatforms) = preSolution
		Debug|Any CPU = Debug|Any CPU
	EndGlobalSection
	GlobalSection(ProjectConfigurationPlatforms) = postSolution
		{2d5b8535-b97b-007c-c8c5-d205c117561b}.Debug|Any CPU.ActiveCfg = Debug|Any CPU
		{2d5b8535-b97b-007c-c8c5-d205c117561b}.Debug|Any CPU.Build.0 = Debug|Any CPU
		{c0ed9a78-3842-ee9f-01d1-e6d41f854b3f}.Debug|Any CPU.ActiveCfg = Debug|Any CPU
		{c0ed9a78-3842-ee9f-01d1-e6d41f854b3f}.Debug|Any CPU.Build.0 = Debug|Any CPU
		{dea73d7e-c391-ac38-47d5-c4c8b49c00dc}.Debug|Any CPU.ActiveCfg = Debug|Any CPU
		{dea73d7e-c391-ac38-47d5-c4c8b49c00dc}.Debug|Any CPU.Build.0 = Debug|Any CPU
		{d53e1424-2602-b04b-2743-a6c0c1f57494}.Debug|Any CPU.ActiveCfg = Debug|Any CPU
		{d53e1424-2602-b04b-2743-a6c0c1f57494}.Debug|Any CPU.Build.0 = Debug|Any CPU
		{e06492f9-24a2-8990-3e3e-5831aa7a6d5f}.Debug|Any CPU.ActiveCfg = Debug|Any CPU
		{e06492f9-24a2-8990-3e3e-5831aa7a6d5f}.Debug|Any CPU.Build.0 = Debug|Any CPU
	EndGlobalSection
	GlobalSection(SolutionProperties) = preSolution
		HideSolutionNode = FALSE
	EndGlobalSection
EndGlobal
